{
  "name": "@flurrux/formula-interpolation",
  "version": "1.0.0",
  "lockfileVersion": 1,
  "requires": true,
  "dependencies": {
    "@flurrux/math-layout-engine": {
      "version": "1.0.3",
      "resolved": "https://registry.npmjs.org/@flurrux/math-layout-engine/-/math-layout-engine-1.0.3.tgz",
      "integrity": "sha512-f+liDJfqoeeJTy8JjgBBFbzpOf6ZuIzzJnYn8vnL19zKMyGv70m2CLACJCOES2AFJYmrkrcWQXQSn2k3nxpXog==",
      "requires": {
        "ramda": "^0.26.1"
      }
    },
    "ramda": {
      "version": "0.26.1",
      "resolved": "https://registry.npmjs.org/ramda/-/ramda-0.26.1.tgz",
      "integrity": "sha512-hLWjpy7EnsDBb0p+Z3B7rPi3GDeRG5ZtiI33kJhTt+ORCd38AbAIjB/9zRIUoeTbE/AVX5ZkU7m6bznsvrf8eQ=="
    }
  }
}
